
Microsoft Visual Studio Solution File, Format Version 11.00
# Visual Studio 2010
Project("{FAE04EC0-301F-11D3-BF4B-00C04F79EFBC}") = "UnityEngine.TestRunner", "UnityEngine.TestRunner.csproj", "{672bf9a7-3d5b-61da-fc1b-d3b6d12e7e2c}"
EndProject
Project("{FAE04EC0-301F-11D3-BF4B-00C04F79EFBC}") = "UnityEngine.UI", "UnityEngine.UI.csproj", "{370aa4a2-37e1-5329-d711-9f276afd5b8f}"
EndProject
Project("{FAE04EC0-301F-11D3-BF4B-00C04F79EFBC}") = "Unity.VisualScripting.Flow", "Unity.VisualScripting.Flow.csproj", "{b2914a89-0303-202b-68c4-671aefa3349b}"
EndProject
Project("{FAE04EC0-301F-11D3-BF4B-00C04F79EFBC}") = "Unity.Mathematics", "Unity.Mathematics.csproj", "{3d43aa90-cb83-942e-08e6-6e3d72488276}"
EndProject
Project("{FAE04EC0-301F-11D3-BF4B-00C04F79EFBC}") = "Unity.VisualScripting.State", "Unity.VisualScripting.State.csproj", "{5b7790c7-89de-359b-6b4a-562aa0cb05f1}"
EndProject
Project("{FAE04EC0-301F-11D3-BF4B-00C04F79EFBC}") = "Unity.VisualScripting.Core", "Unity.VisualScripting.Core.csproj", "{b87fd5e9-0d34-2d8f-c3eb-45a877cdbf9f}"
EndProject
Project("{FAE04EC0-301F-11D3-BF4B-00C04F79EFBC}") = "Unity.Burst", "Unity.Burst.csproj", "{26681d55-0fcb-927b-f440-7eefcef540a8}"
EndProject
Project("{FAE04EC0-301F-11D3-BF4B-00C04F79EFBC}") = "Unity.2D.Animation.Runtime", "Unity.2D.Animation.Runtime.csproj", "{b3f3b00c-204c-9cfb-8b1b-ebf13dd0c34d}"
EndProject
Project("{FAE04EC0-301F-11D3-BF4B-00C04F79EFBC}") = "Unity.TextMeshPro", "Unity.TextMeshPro.csproj", "{117e32ea-005b-4ca6-8f86-b615c51853f2}"
EndProject
Project("{FAE04EC0-301F-11D3-BF4B-00C04F79EFBC}") = "Unity.Timeline", "Unity.Timeline.csproj", "{e866d05b-f814-85f6-c18c-0104439ba452}"
EndProject
Project("{FAE04EC0-301F-11D3-BF4B-00C04F79EFBC}") = "Unity.2D.SpriteShape.Runtime", "Unity.2D.SpriteShape.Runtime.csproj", "{1b35740d-5568-8026-47c7-39964a3c7a0c}"
EndProject
Project("{FAE04EC0-301F-11D3-BF4B-00C04F79EFBC}") = "Unity.2D.PixelPerfect", "Unity.2D.PixelPerfect.csproj", "{ac0b6c09-c477-cf7f-5995-8ba6fda3c12c}"
EndProject
Project("{FAE04EC0-301F-11D3-BF4B-00C04F79EFBC}") = "Unity.2D.Common.Runtime", "Unity.2D.Common.Runtime.csproj", "{e6c888e6-4abe-dd56-53bb-5722417fd7f8}"
EndProject
Project("{FAE04EC0-301F-11D3-BF4B-00C04F79EFBC}") = "Unity.2D.IK.Runtime", "Unity.2D.IK.Runtime.csproj", "{b7380c7a-b58b-17ca-347b-562d1d991eb6}"
EndProject
Project("{FAE04EC0-301F-11D3-BF4B-00C04F79EFBC}") = "Unity.2D.Tilemap.Extras", "Unity.2D.Tilemap.Extras.csproj", "{d85d3765-7ca9-5542-64d5-185748b96cdf}"
EndProject
Project("{FAE04EC0-301F-11D3-BF4B-00C04F79EFBC}") = "Unity.InternalAPIEngineBridge.001", "Unity.InternalAPIEngineBridge.001.csproj", "{4e039d81-04b6-2df6-fb39-1e832f281827}"
EndProject
Project("{FAE04EC0-301F-11D3-BF4B-00C04F79EFBC}") = "Assembly-CSharp", "Assembly-CSharp.csproj", "{4ba8d3a0-9c59-776c-a1ee-7c132d09faca}"
EndProject
Project("{FAE04EC0-301F-11D3-BF4B-00C04F79EFBC}") = "Unity.PlasticSCM.Editor", "Unity.PlasticSCM.Editor.csproj", "{4ffbae7b-6d06-320e-5f8f-e90a9711f4f9}"
EndProject
Project("{FAE04EC0-301F-11D3-BF4B-00C04F79EFBC}") = "Unity.VisualScripting.Core.Editor", "Unity.VisualScripting.Core.Editor.csproj", "{50a88c06-3fef-16b8-e77f-a8c97e42ea85}"
EndProject
Project("{FAE04EC0-301F-11D3-BF4B-00C04F79EFBC}") = "Unity.VisualScripting.Flow.Editor", "Unity.VisualScripting.Flow.Editor.csproj", "{8568caaf-82e5-a907-6f4a-b8fd89c05fb8}"
EndProject
Project("{FAE04EC0-301F-11D3-BF4B-00C04F79EFBC}") = "Unity.VisualStudio.Editor", "Unity.VisualStudio.Editor.csproj", "{c899ef8c-61fa-03e8-c33a-df9b9169c688}"
EndProject
Project("{FAE04EC0-301F-11D3-BF4B-00C04F79EFBC}") = "Unity.Timeline.Editor", "Unity.Timeline.Editor.csproj", "{f1903ff3-a347-4f13-fd91-5e1f66a07b75}"
EndProject
Project("{FAE04EC0-301F-11D3-BF4B-00C04F79EFBC}") = "Unity.VisualScripting.State.Editor", "Unity.VisualScripting.State.Editor.csproj", "{c4736398-571f-147e-38b7-0227c5a867e7}"
EndProject
Project("{FAE04EC0-301F-11D3-BF4B-00C04F79EFBC}") = "Unity.TextMeshPro.Editor", "Unity.TextMeshPro.Editor.csproj", "{06ebc8b0-9256-ca56-0ea8-dbe3497a6559}"
EndProject
Project("{FAE04EC0-301F-11D3-BF4B-00C04F79EFBC}") = "Unity.2D.Animation.Editor", "Unity.2D.Animation.Editor.csproj", "{3da3caf7-c20e-b564-de40-617d97f92d6f}"
EndProject
Project("{FAE04EC0-301F-11D3-BF4B-00C04F79EFBC}") = "Unity.VisualScripting.SettingsProvider.Editor", "Unity.VisualScripting.SettingsProvider.Editor.csproj", "{0f1f8221-46d4-e6ab-67a4-3113ba6e997d}"
EndProject
Project("{FAE04EC0-301F-11D3-BF4B-00C04F79EFBC}") = "Unity.CollabProxy.Editor", "Unity.CollabProxy.Editor.csproj", "{b2ee54f9-2716-ecd2-da5c-149a74d3df4d}"
EndProject
Project("{FAE04EC0-301F-11D3-BF4B-00C04F79EFBC}") = "UnityEditor.TestRunner", "UnityEditor.TestRunner.csproj", "{12a505c0-d783-425a-6bb6-3f11e5189215}"
EndProject
Project("{FAE04EC0-301F-11D3-BF4B-00C04F79EFBC}") = "Unity.2D.Tilemap.Editor", "Unity.2D.Tilemap.Editor.csproj", "{7bddcac1-0812-61c7-2cbf-932f83758ef8}"
EndProject
Project("{FAE04EC0-301F-11D3-BF4B-00C04F79EFBC}") = "Unity.Rider.Editor", "Unity.Rider.Editor.csproj", "{1badd662-4ee3-73f7-7c3c-8967073c32a0}"
EndProject
Project("{FAE04EC0-301F-11D3-BF4B-00C04F79EFBC}") = "Unity.2D.Path.Editor", "Unity.2D.Path.Editor.csproj", "{679a6785-d056-2038-66a8-75a6970e0401}"
EndProject
Project("{FAE04EC0-301F-11D3-BF4B-00C04F79EFBC}") = "Unity.Services.Core.Editor", "Unity.Services.Core.Editor.csproj", "{76cf9a8d-9ceb-29ac-9918-b454ddf19522}"
EndProject
Project("{FAE04EC0-301F-11D3-BF4B-00C04F79EFBC}") = "PsdPlugin", "PsdPlugin.csproj", "{d9a92d7e-d6d2-6432-be17-1425cb82a94e}"
EndProject
Project("{FAE04EC0-301F-11D3-BF4B-00C04F79EFBC}") = "Unity.2D.IK.Editor", "Unity.2D.IK.Editor.csproj", "{4deb8749-9c2e-8fb8-c94e-c8e9c459b292}"
EndProject
Project("{FAE04EC0-301F-11D3-BF4B-00C04F79EFBC}") = "Unity.2D.Psdimporter.Editor", "Unity.2D.Psdimporter.Editor.csproj", "{7ef6f62a-c257-e170-c88d-ba5ba73da078}"
EndProject
Project("{FAE04EC0-301F-11D3-BF4B-00C04F79EFBC}") = "Unity.2D.SpriteShape.Editor", "Unity.2D.SpriteShape.Editor.csproj", "{31581218-1cde-0c37-7439-091e776b6b42}"
EndProject
Project("{FAE04EC0-301F-11D3-BF4B-00C04F79EFBC}") = "Unity.Burst.CodeGen", "Unity.Burst.CodeGen.csproj", "{2aa008e0-4674-6983-71be-1d971184680f}"
EndProject
Project("{FAE04EC0-301F-11D3-BF4B-00C04F79EFBC}") = "Unity.2D.PixelPerfect.Editor", "Unity.2D.PixelPerfect.Editor.csproj", "{48a00e63-99ec-9c9a-1eed-e087da998da6}"
EndProject
Project("{FAE04EC0-301F-11D3-BF4B-00C04F79EFBC}") = "Unity.VSCode.Editor", "Unity.VSCode.Editor.csproj", "{a27ce1a7-96a1-7031-8b0e-4d67a4350c43}"
EndProject
Project("{FAE04EC0-301F-11D3-BF4B-00C04F79EFBC}") = "Unity.2D.Sprite.Editor", "Unity.2D.Sprite.Editor.csproj", "{7078f379-2c6b-fa0b-40b3-6f14f6b5a79e}"
EndProject
Project("{FAE04EC0-301F-11D3-BF4B-00C04F79EFBC}") = "UnityEditor.UI", "UnityEditor.UI.csproj", "{27a730d2-babf-72fa-bced-1b50d1542e69}"
EndProject
Project("{FAE04EC0-301F-11D3-BF4B-00C04F79EFBC}") = "Unity.2D.Common.Editor", "Unity.2D.Common.Editor.csproj", "{c26852a2-7610-1aa7-89f3-6bcb53533024}"
EndProject
Project("{FAE04EC0-301F-11D3-BF4B-00C04F79EFBC}") = "Unity.Mathematics.Editor", "Unity.Mathematics.Editor.csproj", "{1f3fe571-6ddf-adf9-a3ac-9952d3f8481a}"
EndProject
Project("{FAE04EC0-301F-11D3-BF4B-00C04F79EFBC}") = "Unity.2D.Tilemap.Extras.Editor", "Unity.2D.Tilemap.Extras.Editor.csproj", "{990c41fe-6dda-8683-a427-97c850411fca}"
EndProject
Project("{FAE04EC0-301F-11D3-BF4B-00C04F79EFBC}") = "Unity.Burst.Editor", "Unity.Burst.Editor.csproj", "{1a04c63d-d07c-625b-417e-34b23cddb9fb}"
EndProject
Project("{FAE04EC0-301F-11D3-BF4B-00C04F79EFBC}") = "Unity.InternalAPIEditorBridge.001", "Unity.InternalAPIEditorBridge.001.csproj", "{172e221d-6958-163a-8add-bcd3dc81e6ee}"
EndProject
Project("{FAE04EC0-301F-11D3-BF4B-00C04F79EFBC}") = "Unity.VisualScripting.Shared.Editor", "Unity.VisualScripting.Shared.Editor.csproj", "{4428edc4-c30e-079d-373b-1fea53a1b94c}"
EndProject
Global
	GlobalSection(SolutionConfigurationPlatforms) = preSolution
		Debug|Any CPU = Debug|Any CPU
	EndGlobalSection
	GlobalSection(ProjectConfigurationPlatforms) = postSolution
		{672bf9a7-3d5b-61da-fc1b-d3b6d12e7e2c}.Debug|Any CPU.ActiveCfg = Debug|Any CPU
		{672bf9a7-3d5b-61da-fc1b-d3b6d12e7e2c}.Debug|Any CPU.Build.0 = Debug|Any CPU
		{370aa4a2-37e1-5329-d711-9f276afd5b8f}.Debug|Any CPU.ActiveCfg = Debug|Any CPU
		{370aa4a2-37e1-5329-d711-9f276afd5b8f}.Debug|Any CPU.Build.0 = Debug|Any CPU
		{b2914a89-0303-202b-68c4-671aefa3349b}.Debug|Any CPU.ActiveCfg = Debug|Any CPU
		{b2914a89-0303-202b-68c4-671aefa3349b}.Debug|Any CPU.Build.0 = Debug|Any CPU
		{3d43aa90-cb83-942e-08e6-6e3d72488276}.Debug|Any CPU.ActiveCfg = Debug|Any CPU
		{3d43aa90-cb83-942e-08e6-6e3d72488276}.Debug|Any CPU.Build.0 = Debug|Any CPU
		{5b7790c7-89de-359b-6b4a-562aa0cb05f1}.Debug|Any CPU.ActiveCfg = Debug|Any CPU
		{5b7790c7-89de-359b-6b4a-562aa0cb05f1}.Debug|Any CPU.Build.0 = Debug|Any CPU
		{b87fd5e9-0d34-2d8f-c3eb-45a877cdbf9f}.Debug|Any CPU.ActiveCfg = Debug|Any CPU
		{b87fd5e9-0d34-2d8f-c3eb-45a877cdbf9f}.Debug|Any CPU.Build.0 = Debug|Any CPU
		{26681d55-0fcb-927b-f440-7eefcef540a8}.Debug|Any CPU.ActiveCfg = Debug|Any CPU
		{26681d55-0fcb-927b-f440-7eefcef540a8}.Debug|Any CPU.Build.0 = Debug|Any CPU
		{b3f3b00c-204c-9cfb-8b1b-ebf13dd0c34d}.Debug|Any CPU.ActiveCfg = Debug|Any CPU
		{b3f3b00c-204c-9cfb-8b1b-ebf13dd0c34d}.Debug|Any CPU.Build.0 = Debug|Any CPU
		{117e32ea-005b-4ca6-8f86-b615c51853f2}.Debug|Any CPU.ActiveCfg = Debug|Any CPU
		{117e32ea-005b-4ca6-8f86-b615c51853f2}.Debug|Any CPU.Build.0 = Debug|Any CPU
		{e866d05b-f814-85f6-c18c-0104439ba452}.Debug|Any CPU.ActiveCfg = Debug|Any CPU
		{e866d05b-f814-85f6-c18c-0104439ba452}.Debug|Any CPU.Build.0 = Debug|Any CPU
		{1b35740d-5568-8026-47c7-39964a3c7a0c}.Debug|Any CPU.ActiveCfg = Debug|Any CPU
		{1b35740d-5568-8026-47c7-39964a3c7a0c}.Debug|Any CPU.Build.0 = Debug|Any CPU
		{ac0b6c09-c477-cf7f-5995-8ba6fda3c12c}.Debug|Any CPU.ActiveCfg = Debug|Any CPU
		{ac0b6c09-c477-cf7f-5995-8ba6fda3c12c}.Debug|Any CPU.Build.0 = Debug|Any CPU
		{e6c888e6-4abe-dd56-53bb-5722417fd7f8}.Debug|Any CPU.ActiveCfg = Debug|Any CPU
		{e6c888e6-4abe-dd56-53bb-5722417fd7f8}.Debug|Any CPU.Build.0 = Debug|Any CPU
		{b7380c7a-b58b-17ca-347b-562d1d991eb6}.Debug|Any CPU.ActiveCfg = Debug|Any CPU
		{b7380c7a-b58b-17ca-347b-562d1d991eb6}.Debug|Any CPU.Build.0 = Debug|Any CPU
		{d85d3765-7ca9-5542-64d5-185748b96cdf}.Debug|Any CPU.ActiveCfg = Debug|Any CPU
		{d85d3765-7ca9-5542-64d5-185748b96cdf}.Debug|Any CPU.Build.0 = Debug|Any CPU
		{4e039d81-04b6-2df6-fb39-1e832f281827}.Debug|Any CPU.ActiveCfg = Debug|Any CPU
		{4e039d81-04b6-2df6-fb39-1e832f281827}.Debug|Any CPU.Build.0 = Debug|Any CPU
		{4ba8d3a0-9c59-776c-a1ee-7c132d09faca}.Debug|Any CPU.ActiveCfg = Debug|Any CPU
		{4ba8d3a0-9c59-776c-a1ee-7c132d09faca}.Debug|Any CPU.Build.0 = Debug|Any CPU
		{4ffbae7b-6d06-320e-5f8f-e90a9711f4f9}.Debug|Any CPU.ActiveCfg = Debug|Any CPU
		{4ffbae7b-6d06-320e-5f8f-e90a9711f4f9}.Debug|Any CPU.Build.0 = Debug|Any CPU
		{50a88c06-3fef-16b8-e77f-a8c97e42ea85}.Debug|Any CPU.ActiveCfg = Debug|Any CPU
		{50a88c06-3fef-16b8-e77f-a8c97e42ea85}.Debug|Any CPU.Build.0 = Debug|Any CPU
		{8568caaf-82e5-a907-6f4a-b8fd89c05fb8}.Debug|Any CPU.ActiveCfg = Debug|Any CPU
		{8568caaf-82e5-a907-6f4a-b8fd89c05fb8}.Debug|Any CPU.Build.0 = Debug|Any CPU
		{c899ef8c-61fa-03e8-c33a-df9b9169c688}.Debug|Any CPU.ActiveCfg = Debug|Any CPU
		{c899ef8c-61fa-03e8-c33a-df9b9169c688}.Debug|Any CPU.Build.0 = Debug|Any CPU
		{f1903ff3-a347-4f13-fd91-5e1f66a07b75}.Debug|Any CPU.ActiveCfg = Debug|Any CPU
		{f1903ff3-a347-4f13-fd91-5e1f66a07b75}.Debug|Any CPU.Build.0 = Debug|Any CPU
		{c4736398-571f-147e-38b7-0227c5a867e7}.Debug|Any CPU.ActiveCfg = Debug|Any CPU
		{c4736398-571f-147e-38b7-0227c5a867e7}.Debug|Any CPU.Build.0 = Debug|Any CPU
		{06ebc8b0-9256-ca56-0ea8-dbe3497a6559}.Debug|Any CPU.ActiveCfg = Debug|Any CPU
		{06ebc8b0-9256-ca56-0ea8-dbe3497a6559}.Debug|Any CPU.Build.0 = Debug|Any CPU
		{3da3caf7-c20e-b564-de40-617d97f92d6f}.Debug|Any CPU.ActiveCfg = Debug|Any CPU
		{3da3caf7-c20e-b564-de40-617d97f92d6f}.Debug|Any CPU.Build.0 = Debug|Any CPU
		{0f1f8221-46d4-e6ab-67a4-3113ba6e997d}.Debug|Any CPU.ActiveCfg = Debug|Any CPU
		{0f1f8221-46d4-e6ab-67a4-3113ba6e997d}.Debug|Any CPU.Build.0 = Debug|Any CPU
		{b2ee54f9-2716-ecd2-da5c-149a74d3df4d}.Debug|Any CPU.ActiveCfg = Debug|Any CPU
		{b2ee54f9-2716-ecd2-da5c-149a74d3df4d}.Debug|Any CPU.Build.0 = Debug|Any CPU
		{12a505c0-d783-425a-6bb6-3f11e5189215}.Debug|Any CPU.ActiveCfg = Debug|Any CPU
		{12a505c0-d783-425a-6bb6-3f11e5189215}.Debug|Any CPU.Build.0 = Debug|Any CPU
		{7bddcac1-0812-61c7-2cbf-932f83758ef8}.Debug|Any CPU.ActiveCfg = Debug|Any CPU
		{7bddcac1-0812-61c7-2cbf-932f83758ef8}.Debug|Any CPU.Build.0 = Debug|Any CPU
		{1badd662-4ee3-73f7-7c3c-8967073c32a0}.Debug|Any CPU.ActiveCfg = Debug|Any CPU
		{1badd662-4ee3-73f7-7c3c-8967073c32a0}.Debug|Any CPU.Build.0 = Debug|Any CPU
		{679a6785-d056-2038-66a8-75a6970e0401}.Debug|Any CPU.ActiveCfg = Debug|Any CPU
		{679a6785-d056-2038-66a8-75a6970e0401}.Debug|Any CPU.Build.0 = Debug|Any CPU
		{76cf9a8d-9ceb-29ac-9918-b454ddf19522}.Debug|Any CPU.ActiveCfg = Debug|Any CPU
		{76cf9a8d-9ceb-29ac-9918-b454ddf19522}.Debug|Any CPU.Build.0 = Debug|Any CPU
		{d9a92d7e-d6d2-6432-be17-1425cb82a94e}.Debug|Any CPU.ActiveCfg = Debug|Any CPU
		{d9a92d7e-d6d2-6432-be17-1425cb82a94e}.Debug|Any CPU.Build.0 = Debug|Any CPU
		{4deb8749-9c2e-8fb8-c94e-c8e9c459b292}.Debug|Any CPU.ActiveCfg = Debug|Any CPU
		{4deb8749-9c2e-8fb8-c94e-c8e9c459b292}.Debug|Any CPU.Build.0 = Debug|Any CPU
		{7ef6f62a-c257-e170-c88d-ba5ba73da078}.Debug|Any CPU.ActiveCfg = Debug|Any CPU
		{7ef6f62a-c257-e170-c88d-ba5ba73da078}.Debug|Any CPU.Build.0 = Debug|Any CPU
		{31581218-1cde-0c37-7439-091e776b6b42}.Debug|Any CPU.ActiveCfg = Debug|Any CPU
		{31581218-1cde-0c37-7439-091e776b6b42}.Debug|Any CPU.Build.0 = Debug|Any CPU
		{2aa008e0-4674-6983-71be-1d971184680f}.Debug|Any CPU.ActiveCfg = Debug|Any CPU
		{2aa008e0-4674-6983-71be-1d971184680f}.Debug|Any CPU.Build.0 = Debug|Any CPU
		{48a00e63-99ec-9c9a-1eed-e087da998da6}.Debug|Any CPU.ActiveCfg = Debug|Any CPU
		{48a00e63-99ec-9c9a-1eed-e087da998da6}.Debug|Any CPU.Build.0 = Debug|Any CPU
		{a27ce1a7-96a1-7031-8b0e-4d67a4350c43}.Debug|Any CPU.ActiveCfg = Debug|Any CPU
		{a27ce1a7-96a1-7031-8b0e-4d67a4350c43}.Debug|Any CPU.Build.0 = Debug|Any CPU
		{7078f379-2c6b-fa0b-40b3-6f14f6b5a79e}.Debug|Any CPU.ActiveCfg = Debug|Any CPU
		{7078f379-2c6b-fa0b-40b3-6f14f6b5a79e}.Debug|Any CPU.Build.0 = Debug|Any CPU
		{27a730d2-babf-72fa-bced-1b50d1542e69}.Debug|Any CPU.ActiveCfg = Debug|Any CPU
		{27a730d2-babf-72fa-bced-1b50d1542e69}.Debug|Any CPU.Build.0 = Debug|Any CPU
		{c26852a2-7610-1aa7-89f3-6bcb53533024}.Debug|Any CPU.ActiveCfg = Debug|Any CPU
		{c26852a2-7610-1aa7-89f3-6bcb53533024}.Debug|Any CPU.Build.0 = Debug|Any CPU
		{1f3fe571-6ddf-adf9-a3ac-9952d3f8481a}.Debug|Any CPU.ActiveCfg = Debug|Any CPU
		{1f3fe571-6ddf-adf9-a3ac-9952d3f8481a}.Debug|Any CPU.Build.0 = Debug|Any CPU
		{990c41fe-6dda-8683-a427-97c850411fca}.Debug|Any CPU.ActiveCfg = Debug|Any CPU
		{990c41fe-6dda-8683-a427-97c850411fca}.Debug|Any CPU.Build.0 = Debug|Any CPU
		{1a04c63d-d07c-625b-417e-34b23cddb9fb}.Debug|Any CPU.ActiveCfg = Debug|Any CPU
		{1a04c63d-d07c-625b-417e-34b23cddb9fb}.Debug|Any CPU.Build.0 = Debug|Any CPU
		{172e221d-6958-163a-8add-bcd3dc81e6ee}.Debug|Any CPU.ActiveCfg = Debug|Any CPU
		{172e221d-6958-163a-8add-bcd3dc81e6ee}.Debug|Any CPU.Build.0 = Debug|Any CPU
		{4428edc4-c30e-079d-373b-1fea53a1b94c}.Debug|Any CPU.ActiveCfg = Debug|Any CPU
		{4428edc4-c30e-079d-373b-1fea53a1b94c}.Debug|Any CPU.Build.0 = Debug|Any CPU
	EndGlobalSection
	GlobalSection(SolutionProperties) = preSolution
		HideSolutionNode = FALSE
	EndGlobalSection
EndGlobal
